
Microsoft Visual Studio Solution File, Format Version 12.00
# Visual Studio Version 16
VisualStudioVersion = 16.0.29009.5
MinimumVisualStudioVersion = 10.0.40219.1
Project("{FAE04EC0-301F-11D3-BF4B-00C04F79EFBC}") = "Casting", "Casting\Casting.csproj", "{EA09AC9C-0BC1-4471-8471-20EE254D7C60}"
EndProject
Project("{FAE04EC0-301F-11D3-BF4B-00C04F79EFBC}") = "MoreVariablesAndPrinting", "MoreVariablesAndPrinting\MoreVariablesAndPrinting.csproj", "{01BAAA3E-5406-4CDB-B03C-1C3222FBA20C}"
EndProject
Project("{FAE04EC0-301F-11D3-BF4B-00C04F79EFBC}") = "SadFor", "SadFor\SadFor.csproj", "{357F7727-F6D3-4CF3-A2BB-72AC6F6A28D0}"
EndProject
Project("{FAE04EC0-301F-11D3-BF4B-00C04F79EFBC}") = "VariablesAndNames", "VariablesAndNames\VariablesAndNames.csproj", "{38CD71E6-6995-4D0D-A781-B4202B40BFB1}"
EndProject
Project("{9A19103F-16F7-4668-BE54-9A1E7A4F7556}") = "Exercise 4", "Exercise 4\Exercise 4.csproj", "{089151DF-FDBE-498A-A10D-07902E9DA27E}"
EndProject
Project("{9A19103F-16F7-4668-BE54-9A1E7A4F7556}") = "Exercise 5", "Exercise 5\Exercise 5.csproj", "{AF4210AE-72D7-4DDC-9AE2-B2E1EE05D4EF}"
EndProject
Project("{9A19103F-16F7-4668-BE54-9A1E7A4F7556}") = "Exercise 6", "Exercise 6\Exercise 6.csproj", "{F12CCD7A-8F40-451A-8233-653DF9C32C0D}"
EndProject
Project("{FAE04EC0-301F-11D3-BF4B-00C04F79EFBC}") = "Exercise 7", "Exercise 7\Exercise 7.csproj", "{4BA495CE-5BD6-48F0-B8F0-654DE6163490}"
EndProject
Project("{FAE04EC0-301F-11D3-BF4B-00C04F79EFBC}") = "Exercise 8", "Exercise 8\Exercise 8.csproj", "{FB9BEBF1-ACFC-4495-8FD4-F551B293F9DF}"
EndProject
Global
	GlobalSection(SolutionConfigurationPlatforms) = preSolution
		Debug|Any CPU = Debug|Any CPU
		Release|Any CPU = Release|Any CPU
	EndGlobalSection
	GlobalSection(ProjectConfigurationPlatforms) = postSolution
		{EA09AC9C-0BC1-4471-8471-20EE254D7C60}.Debug|Any CPU.ActiveCfg = Debug|Any CPU
		{EA09AC9C-0BC1-4471-8471-20EE254D7C60}.Debug|Any CPU.Build.0 = Debug|Any CPU
		{EA09AC9C-0BC1-4471-8471-20EE254D7C60}.Release|Any CPU.ActiveCfg = Release|Any CPU
		{EA09AC9C-0BC1-4471-8471-20EE254D7C60}.Release|Any CPU.Build.0 = Release|Any CPU
		{01BAAA3E-5406-4CDB-B03C-1C3222FBA20C}.Debug|Any CPU.ActiveCfg = Debug|Any CPU
		{01BAAA3E-5406-4CDB-B03C-1C3222FBA20C}.Debug|Any CPU.Build.0 = Debug|Any CPU
		{01BAAA3E-5406-4CDB-B03C-1C3222FBA20C}.Release|Any CPU.ActiveCfg = Release|Any CPU
		{01BAAA3E-5406-4CDB-B03C-1C3222FBA20C}.Release|Any CPU.Build.0 = Release|Any CPU
		{357F7727-F6D3-4CF3-A2BB-72AC6F6A28D0}.Debug|Any CPU.ActiveCfg = Debug|Any CPU
		{357F7727-F6D3-4CF3-A2BB-72AC6F6A28D0}.Debug|Any CPU.Build.0 = Debug|Any CPU
		{357F7727-F6D3-4CF3-A2BB-72AC6F6A28D0}.Release|Any CPU.ActiveCfg = Release|Any CPU
		{357F7727-F6D3-4CF3-A2BB-72AC6F6A28D0}.Release|Any CPU.Build.0 = Release|Any CPU
		{38CD71E6-6995-4D0D-A781-B4202B40BFB1}.Debug|Any CPU.ActiveCfg = Debug|Any CPU
		{38CD71E6-6995-4D0D-A781-B4202B40BFB1}.Debug|Any CPU.Build.0 = Debug|Any CPU
		{38CD71E6-6995-4D0D-A781-B4202B40BFB1}.Release|Any CPU.ActiveCfg = Release|Any CPU
		{38CD71E6-6995-4D0D-A781-B4202B40BFB1}.Release|Any CPU.Build.0 = Release|Any CPU
		{089151DF-FDBE-498A-A10D-07902E9DA27E}.Debug|Any CPU.ActiveCfg = Debug|Any CPU
		{089151DF-FDBE-498A-A10D-07902E9DA27E}.Debug|Any CPU.Build.0 = Debug|Any CPU
		{089151DF-FDBE-498A-A10D-07902E9DA27E}.Release|Any CPU.ActiveCfg = Release|Any CPU
		{089151DF-FDBE-498A-A10D-07902E9DA27E}.Release|Any CPU.Build.0 = Release|Any CPU
		{AF4210AE-72D7-4DDC-9AE2-B2E1EE05D4EF}.Debug|Any CPU.ActiveCfg = Debug|Any CPU
		{AF4210AE-72D7-4DDC-9AE2-B2E1EE05D4EF}.Debug|Any CPU.Build.0 = Debug|Any CPU
		{AF4210AE-72D7-4DDC-9AE2-B2E1EE05D4EF}.Release|Any CPU.ActiveCfg = Release|Any CPU
		{AF4210AE-72D7-4DDC-9AE2-B2E1EE05D4EF}.Release|Any CPU.Build.0 = Release|Any CPU
		{F12CCD7A-8F40-451A-8233-653DF9C32C0D}.Debug|Any CPU.ActiveCfg = Debug|Any CPU
		{F12CCD7A-8F40-451A-8233-653DF9C32C0D}.Debug|Any CPU.Build.0 = Debug|Any CPU
		{F12CCD7A-8F40-451A-8233-653DF9C32C0D}.Release|Any CPU.ActiveCfg = Release|Any CPU
		{F12CCD7A-8F40-451A-8233-653DF9C32C0D}.Release|Any CPU.Build.0 = Release|Any CPU
		{4BA495CE-5BD6-48F0-B8F0-654DE6163490}.Debug|Any CPU.ActiveCfg = Debug|Any CPU
		{4BA495CE-5BD6-48F0-B8F0-654DE6163490}.Debug|Any CPU.Build.0 = Debug|Any CPU
		{4BA495CE-5BD6-48F0-B8F0-654DE6163490}.Release|Any CPU.ActiveCfg = Release|Any CPU
		{4BA495CE-5BD6-48F0-B8F0-654DE6163490}.Release|Any CPU.Build.0 = Release|Any CPU
		{FB9BEBF1-ACFC-4495-8FD4-F551B293F9DF}.Debug|Any CPU.ActiveCfg = Debug|Any CPU
		{FB9BEBF1-ACFC-4495-8FD4-F551B293F9DF}.Debug|Any CPU.Build.0 = Debug|Any CPU
		{FB9BEBF1-ACFC-4495-8FD4-F551B293F9DF}.Release|Any CPU.ActiveCfg = Release|Any CPU
		{FB9BEBF1-ACFC-4495-8FD4-F551B293F9DF}.Release|Any CPU.Build.0 = Release|Any CPU
	EndGlobalSection
	GlobalSection(SolutionProperties) = preSolution
		HideSolutionNode = FALSE
	EndGlobalSection
	GlobalSection(ExtensibilityGlobals) = postSolution
		SolutionGuid = {2843F384-9F8E-4D08-934F-B863FC7F989B}
	EndGlobalSection
EndGlobal
