
Microsoft Visual Studio Solution File, Format Version 12.00
# Visual Studio Version 16
VisualStudioVersion = 16.0.29009.5
MinimumVisualStudioVersion = 10.0.40219.1
Project("{FAE04EC0-301F-11D3-BF4B-00C04F79EFBC}") = "Exercise1", "Exercise1\Exercise1.csproj", "{F8DE5E0F-2B8E-4740-90A7-7AF904B3FBD2}"
EndProject
Project("{FAE04EC0-301F-11D3-BF4B-00C04F79EFBC}") = "Exercise2", "Exercise2\Exercise2.csproj", "{990A7482-573D-4A0D-B51C-3DF2B2196A8A}"
EndProject
Project("{FAE04EC0-301F-11D3-BF4B-00C04F79EFBC}") = "Exercise4", "Exercise4\Exercise4.csproj", "{CCA47F71-40AE-4B2C-98E1-A4433D04FE7A}"
EndProject
Project("{9A19103F-16F7-4668-BE54-9A1E7A4F7556}") = "Exercise 3", "Exercise 3\Exercise 3.csproj", "{E780D3DF-2CC7-45C2-9289-E568649AA293}"
EndProject
Project("{9A19103F-16F7-4668-BE54-9A1E7A4F7556}") = "Exercise 5", "Exercise 5\Exercise 5.csproj", "{4B0F0AF6-5D37-434E-B601-F3A4D7F82B84}"
EndProject
Project("{9A19103F-16F7-4668-BE54-9A1E7A4F7556}") = "Exercise 6", "Exercise 6\Exercise 6.csproj", "{68F3AB9C-D2B3-442F-A20F-519C371AFE5F}"
EndProject
Project("{9A19103F-16F7-4668-BE54-9A1E7A4F7556}") = "Exercise 7", "Exercise 7\Exercise 7.csproj", "{78094A2E-0E29-4FB4-B447-D0DE5540FB6B}"
EndProject
Project("{9A19103F-16F7-4668-BE54-9A1E7A4F7556}") = "Exercise 8", "Exercise 8\Exercise 8.csproj", "{2EC82AD6-FF50-4B49-AF7E-622C031229E4}"
EndProject
Project("{FAE04EC0-301F-11D3-BF4B-00C04F79EFBC}") = "Exercise 9", "Exercise 9\Exercise 9.csproj", "{E9FFB223-FED0-44D5-9B0E-DFB99D832930}"
EndProject
Project("{FAE04EC0-301F-11D3-BF4B-00C04F79EFBC}") = "Exercise 10", "Exercise 10\Exercise 10.csproj", "{0891ED42-B213-4807-99A2-9C544BBEEFF2}"
EndProject
Global
	GlobalSection(SolutionConfigurationPlatforms) = preSolution
		Debug|Any CPU = Debug|Any CPU
		Release|Any CPU = Release|Any CPU
	EndGlobalSection
	GlobalSection(ProjectConfigurationPlatforms) = postSolution
		{F8DE5E0F-2B8E-4740-90A7-7AF904B3FBD2}.Debug|Any CPU.ActiveCfg = Debug|Any CPU
		{F8DE5E0F-2B8E-4740-90A7-7AF904B3FBD2}.Debug|Any CPU.Build.0 = Debug|Any CPU
		{F8DE5E0F-2B8E-4740-90A7-7AF904B3FBD2}.Release|Any CPU.ActiveCfg = Release|Any CPU
		{F8DE5E0F-2B8E-4740-90A7-7AF904B3FBD2}.Release|Any CPU.Build.0 = Release|Any CPU
		{990A7482-573D-4A0D-B51C-3DF2B2196A8A}.Debug|Any CPU.ActiveCfg = Debug|Any CPU
		{990A7482-573D-4A0D-B51C-3DF2B2196A8A}.Debug|Any CPU.Build.0 = Debug|Any CPU
		{990A7482-573D-4A0D-B51C-3DF2B2196A8A}.Release|Any CPU.ActiveCfg = Release|Any CPU
		{990A7482-573D-4A0D-B51C-3DF2B2196A8A}.Release|Any CPU.Build.0 = Release|Any CPU
		{CCA47F71-40AE-4B2C-98E1-A4433D04FE7A}.Debug|Any CPU.ActiveCfg = Debug|Any CPU
		{CCA47F71-40AE-4B2C-98E1-A4433D04FE7A}.Debug|Any CPU.Build.0 = Debug|Any CPU
		{CCA47F71-40AE-4B2C-98E1-A4433D04FE7A}.Release|Any CPU.ActiveCfg = Release|Any CPU
		{CCA47F71-40AE-4B2C-98E1-A4433D04FE7A}.Release|Any CPU.Build.0 = Release|Any CPU
		{E780D3DF-2CC7-45C2-9289-E568649AA293}.Debug|Any CPU.ActiveCfg = Debug|Any CPU
		{E780D3DF-2CC7-45C2-9289-E568649AA293}.Debug|Any CPU.Build.0 = Debug|Any CPU
		{E780D3DF-2CC7-45C2-9289-E568649AA293}.Release|Any CPU.ActiveCfg = Release|Any CPU
		{E780D3DF-2CC7-45C2-9289-E568649AA293}.Release|Any CPU.Build.0 = Release|Any CPU
		{4B0F0AF6-5D37-434E-B601-F3A4D7F82B84}.Debug|Any CPU.ActiveCfg = Debug|Any CPU
		{4B0F0AF6-5D37-434E-B601-F3A4D7F82B84}.Debug|Any CPU.Build.0 = Debug|Any CPU
		{4B0F0AF6-5D37-434E-B601-F3A4D7F82B84}.Release|Any CPU.ActiveCfg = Release|Any CPU
		{4B0F0AF6-5D37-434E-B601-F3A4D7F82B84}.Release|Any CPU.Build.0 = Release|Any CPU
		{68F3AB9C-D2B3-442F-A20F-519C371AFE5F}.Debug|Any CPU.ActiveCfg = Debug|Any CPU
		{68F3AB9C-D2B3-442F-A20F-519C371AFE5F}.Debug|Any CPU.Build.0 = Debug|Any CPU
		{68F3AB9C-D2B3-442F-A20F-519C371AFE5F}.Release|Any CPU.ActiveCfg = Release|Any CPU
		{68F3AB9C-D2B3-442F-A20F-519C371AFE5F}.Release|Any CPU.Build.0 = Release|Any CPU
		{78094A2E-0E29-4FB4-B447-D0DE5540FB6B}.Debug|Any CPU.ActiveCfg = Debug|Any CPU
		{78094A2E-0E29-4FB4-B447-D0DE5540FB6B}.Debug|Any CPU.Build.0 = Debug|Any CPU
		{78094A2E-0E29-4FB4-B447-D0DE5540FB6B}.Release|Any CPU.ActiveCfg = Release|Any CPU
		{78094A2E-0E29-4FB4-B447-D0DE5540FB6B}.Release|Any CPU.Build.0 = Release|Any CPU
		{2EC82AD6-FF50-4B49-AF7E-622C031229E4}.Debug|Any CPU.ActiveCfg = Debug|Any CPU
		{2EC82AD6-FF50-4B49-AF7E-622C031229E4}.Debug|Any CPU.Build.0 = Debug|Any CPU
		{2EC82AD6-FF50-4B49-AF7E-622C031229E4}.Release|Any CPU.ActiveCfg = Release|Any CPU
		{2EC82AD6-FF50-4B49-AF7E-622C031229E4}.Release|Any CPU.Build.0 = Release|Any CPU
		{E9FFB223-FED0-44D5-9B0E-DFB99D832930}.Debug|Any CPU.ActiveCfg = Debug|Any CPU
		{E9FFB223-FED0-44D5-9B0E-DFB99D832930}.Debug|Any CPU.Build.0 = Debug|Any CPU
		{E9FFB223-FED0-44D5-9B0E-DFB99D832930}.Release|Any CPU.ActiveCfg = Release|Any CPU
		{E9FFB223-FED0-44D5-9B0E-DFB99D832930}.Release|Any CPU.Build.0 = Release|Any CPU
		{0891ED42-B213-4807-99A2-9C544BBEEFF2}.Debug|Any CPU.ActiveCfg = Debug|Any CPU
		{0891ED42-B213-4807-99A2-9C544BBEEFF2}.Debug|Any CPU.Build.0 = Debug|Any CPU
		{0891ED42-B213-4807-99A2-9C544BBEEFF2}.Release|Any CPU.ActiveCfg = Release|Any CPU
		{0891ED42-B213-4807-99A2-9C544BBEEFF2}.Release|Any CPU.Build.0 = Release|Any CPU
	EndGlobalSection
	GlobalSection(SolutionProperties) = preSolution
		HideSolutionNode = FALSE
	EndGlobalSection
	GlobalSection(ExtensibilityGlobals) = postSolution
		SolutionGuid = {9E2B805A-E209-4714-AE87-3C7317951F1D}
	EndGlobalSection
EndGlobal
