
Microsoft Visual Studio Solution File, Format Version 12.00
# Visual Studio Version 16
VisualStudioVersion = 16.0.31729.503
MinimumVisualStudioVersion = 10.0.40219.1
Project("{9A19103F-16F7-4668-BE54-9A1E7A4F7556}") = "Persons", "Persons.csproj", "{630D6B51-918E-40ED-99A7-47D62E448700}"
EndProject
Global
	GlobalSection(SolutionConfigurationPlatforms) = preSolution
		Debug|Any CPU = Debug|Any CPU
		Release|Any CPU = Release|Any CPU
	EndGlobalSection
	GlobalSection(ProjectConfigurationPlatforms) = postSolution
		{630D6B51-918E-40ED-99A7-47D62E448700}.Debug|Any CPU.ActiveCfg = Debug|Any CPU
		{630D6B51-918E-40ED-99A7-47D62E448700}.Debug|Any CPU.Build.0 = Debug|Any CPU
		{630D6B51-918E-40ED-99A7-47D62E448700}.Release|Any CPU.ActiveCfg = Release|Any CPU
		{630D6B51-918E-40ED-99A7-47D62E448700}.Release|Any CPU.Build.0 = Release|Any CPU
	EndGlobalSection
	GlobalSection(SolutionProperties) = preSolution
		HideSolutionNode = FALSE
	EndGlobalSection
	GlobalSection(ExtensibilityGlobals) = postSolution
		SolutionGuid = {45F34178-AAF4-4ADA-9F90-2179850385AE}
	EndGlobalSection
EndGlobal
