
Microsoft Visual Studio Solution File, Format Version 12.00
# Visual Studio Version 16
VisualStudioVersion = 16.0.29123.88
MinimumVisualStudioVersion = 10.0.40219.1
Project("{FAE04EC0-301F-11D3-BF4B-00C04F79EFBC}") = "CalculateArea", "CalculateArea\CalculateArea.csproj", "{6764DB75-045A-462A-896D-E7150A08DE85}"
EndProject
Project("{FAE04EC0-301F-11D3-BF4B-00C04F79EFBC}") = "GravityCalculator", "GravityCalculator\GravityCalculator.csproj", "{21B4C2ED-21D7-4F86-9A72-FCAD10DE578E}"
EndProject
Project("{9A19103F-16F7-4668-BE54-9A1E7A4F7556}") = "SumAverageRunningInt", "SumAverageRunningInt\SumAverageRunningInt.csproj", "{3A626440-B412-47F6-A2D2-2330B1840FD6}"
EndProject
Project("{9A19103F-16F7-4668-BE54-9A1E7A4F7556}") = "Exercise1", "Exercise1\Exercise1.csproj", "{6138AF11-D7AF-4B65-9DA9-CA74E588ACF0}"
EndProject
Project("{9A19103F-16F7-4668-BE54-9A1E7A4F7556}") = "Exercise 2", "Exercise 2\Exercise 2.csproj", "{5D33368C-5CCB-4DFA-A84F-DF7CFE11D618}"
EndProject
Project("{9A19103F-16F7-4668-BE54-9A1E7A4F7556}") = "Exercise4", "Exercise4\Exercise4.csproj", "{27D4E149-B96F-46ED-9B3C-6EAC552F2637}"
EndProject
Project("{9A19103F-16F7-4668-BE54-9A1E7A4F7556}") = "Exercise 5", "Exercise 5\Exercise 5.csproj", "{8FF3F04A-A81A-4035-8C43-CEF17D79BBB2}"
EndProject
Project("{9A19103F-16F7-4668-BE54-9A1E7A4F7556}") = "Exercise 6", "Exercise 6\Exercise 6.csproj", "{CB0A864D-3104-4A8D-9D4B-0C0DEB6432FF}"
EndProject
Project("{FAE04EC0-301F-11D3-BF4B-00C04F79EFBC}") = "Exercise 8", "Exercise 8\Exercise 8.csproj", "{91026B72-310A-40D5-8D1D-9BC12ADD479F}"
EndProject
Project("{FAE04EC0-301F-11D3-BF4B-00C04F79EFBC}") = "Exercise 9", "Exercise 9\Exercise 9.csproj", "{BBC337A6-9E03-40C5-A095-275BE6CA8B1D}"
EndProject
Project("{FAE04EC0-301F-11D3-BF4B-00C04F79EFBC}") = "Exercise1Tests", "Exercise1Tests\Exercise1Tests.csproj", "{1B924D27-F1AC-4B58-A230-9AFBD0B44770}"
EndProject
Project("{FAE04EC0-301F-11D3-BF4B-00C04F79EFBC}") = "Exercise2.Tests", "Exercise2.Tests\Exercise2.Tests.csproj", "{F35ED45E-9F13-4628-986B-EA3DFDA9D537}"
EndProject
Global
	GlobalSection(SolutionConfigurationPlatforms) = preSolution
		Debug|Any CPU = Debug|Any CPU
		Release|Any CPU = Release|Any CPU
	EndGlobalSection
	GlobalSection(ProjectConfigurationPlatforms) = postSolution
		{6764DB75-045A-462A-896D-E7150A08DE85}.Debug|Any CPU.ActiveCfg = Debug|Any CPU
		{6764DB75-045A-462A-896D-E7150A08DE85}.Debug|Any CPU.Build.0 = Debug|Any CPU
		{6764DB75-045A-462A-896D-E7150A08DE85}.Release|Any CPU.ActiveCfg = Release|Any CPU
		{6764DB75-045A-462A-896D-E7150A08DE85}.Release|Any CPU.Build.0 = Release|Any CPU
		{21B4C2ED-21D7-4F86-9A72-FCAD10DE578E}.Debug|Any CPU.ActiveCfg = Debug|Any CPU
		{21B4C2ED-21D7-4F86-9A72-FCAD10DE578E}.Debug|Any CPU.Build.0 = Debug|Any CPU
		{21B4C2ED-21D7-4F86-9A72-FCAD10DE578E}.Release|Any CPU.ActiveCfg = Release|Any CPU
		{21B4C2ED-21D7-4F86-9A72-FCAD10DE578E}.Release|Any CPU.Build.0 = Release|Any CPU
		{3A626440-B412-47F6-A2D2-2330B1840FD6}.Debug|Any CPU.ActiveCfg = Debug|Any CPU
		{3A626440-B412-47F6-A2D2-2330B1840FD6}.Debug|Any CPU.Build.0 = Debug|Any CPU
		{3A626440-B412-47F6-A2D2-2330B1840FD6}.Release|Any CPU.ActiveCfg = Release|Any CPU
		{3A626440-B412-47F6-A2D2-2330B1840FD6}.Release|Any CPU.Build.0 = Release|Any CPU
		{6138AF11-D7AF-4B65-9DA9-CA74E588ACF0}.Debug|Any CPU.ActiveCfg = Debug|Any CPU
		{6138AF11-D7AF-4B65-9DA9-CA74E588ACF0}.Debug|Any CPU.Build.0 = Debug|Any CPU
		{6138AF11-D7AF-4B65-9DA9-CA74E588ACF0}.Release|Any CPU.ActiveCfg = Release|Any CPU
		{6138AF11-D7AF-4B65-9DA9-CA74E588ACF0}.Release|Any CPU.Build.0 = Release|Any CPU
		{5D33368C-5CCB-4DFA-A84F-DF7CFE11D618}.Debug|Any CPU.ActiveCfg = Debug|Any CPU
		{5D33368C-5CCB-4DFA-A84F-DF7CFE11D618}.Debug|Any CPU.Build.0 = Debug|Any CPU
		{5D33368C-5CCB-4DFA-A84F-DF7CFE11D618}.Release|Any CPU.ActiveCfg = Release|Any CPU
		{5D33368C-5CCB-4DFA-A84F-DF7CFE11D618}.Release|Any CPU.Build.0 = Release|Any CPU
		{27D4E149-B96F-46ED-9B3C-6EAC552F2637}.Debug|Any CPU.ActiveCfg = Debug|Any CPU
		{27D4E149-B96F-46ED-9B3C-6EAC552F2637}.Debug|Any CPU.Build.0 = Debug|Any CPU
		{27D4E149-B96F-46ED-9B3C-6EAC552F2637}.Release|Any CPU.ActiveCfg = Release|Any CPU
		{27D4E149-B96F-46ED-9B3C-6EAC552F2637}.Release|Any CPU.Build.0 = Release|Any CPU
		{8FF3F04A-A81A-4035-8C43-CEF17D79BBB2}.Debug|Any CPU.ActiveCfg = Debug|Any CPU
		{8FF3F04A-A81A-4035-8C43-CEF17D79BBB2}.Debug|Any CPU.Build.0 = Debug|Any CPU
		{8FF3F04A-A81A-4035-8C43-CEF17D79BBB2}.Release|Any CPU.ActiveCfg = Release|Any CPU
		{8FF3F04A-A81A-4035-8C43-CEF17D79BBB2}.Release|Any CPU.Build.0 = Release|Any CPU
		{CB0A864D-3104-4A8D-9D4B-0C0DEB6432FF}.Debug|Any CPU.ActiveCfg = Debug|Any CPU
		{CB0A864D-3104-4A8D-9D4B-0C0DEB6432FF}.Debug|Any CPU.Build.0 = Debug|Any CPU
		{CB0A864D-3104-4A8D-9D4B-0C0DEB6432FF}.Release|Any CPU.ActiveCfg = Release|Any CPU
		{CB0A864D-3104-4A8D-9D4B-0C0DEB6432FF}.Release|Any CPU.Build.0 = Release|Any CPU
		{91026B72-310A-40D5-8D1D-9BC12ADD479F}.Debug|Any CPU.ActiveCfg = Debug|Any CPU
		{91026B72-310A-40D5-8D1D-9BC12ADD479F}.Debug|Any CPU.Build.0 = Debug|Any CPU
		{91026B72-310A-40D5-8D1D-9BC12ADD479F}.Release|Any CPU.ActiveCfg = Release|Any CPU
		{91026B72-310A-40D5-8D1D-9BC12ADD479F}.Release|Any CPU.Build.0 = Release|Any CPU
		{BBC337A6-9E03-40C5-A095-275BE6CA8B1D}.Debug|Any CPU.ActiveCfg = Debug|Any CPU
		{BBC337A6-9E03-40C5-A095-275BE6CA8B1D}.Debug|Any CPU.Build.0 = Debug|Any CPU
		{BBC337A6-9E03-40C5-A095-275BE6CA8B1D}.Release|Any CPU.ActiveCfg = Release|Any CPU
		{BBC337A6-9E03-40C5-A095-275BE6CA8B1D}.Release|Any CPU.Build.0 = Release|Any CPU
		{1B924D27-F1AC-4B58-A230-9AFBD0B44770}.Debug|Any CPU.ActiveCfg = Debug|Any CPU
		{1B924D27-F1AC-4B58-A230-9AFBD0B44770}.Debug|Any CPU.Build.0 = Debug|Any CPU
		{1B924D27-F1AC-4B58-A230-9AFBD0B44770}.Release|Any CPU.ActiveCfg = Release|Any CPU
		{1B924D27-F1AC-4B58-A230-9AFBD0B44770}.Release|Any CPU.Build.0 = Release|Any CPU
		{F35ED45E-9F13-4628-986B-EA3DFDA9D537}.Debug|Any CPU.ActiveCfg = Debug|Any CPU
		{F35ED45E-9F13-4628-986B-EA3DFDA9D537}.Debug|Any CPU.Build.0 = Debug|Any CPU
		{F35ED45E-9F13-4628-986B-EA3DFDA9D537}.Release|Any CPU.ActiveCfg = Release|Any CPU
		{F35ED45E-9F13-4628-986B-EA3DFDA9D537}.Release|Any CPU.Build.0 = Release|Any CPU
	EndGlobalSection
	GlobalSection(SolutionProperties) = preSolution
		HideSolutionNode = FALSE
	EndGlobalSection
	GlobalSection(ExtensibilityGlobals) = postSolution
		SolutionGuid = {22A75822-3C36-4529-B369-1F5A7653AD59}
	EndGlobalSection
EndGlobal
