
Microsoft Visual Studio Solution File, Format Version 12.00
# Visual Studio Version 16
VisualStudioVersion = 16.0.31729.503
MinimumVisualStudioVersion = 10.0.40219.1
Project("{9A19103F-16F7-4668-BE54-9A1E7A4F7556}") = "DragRace", "DragRace.csproj", "{F5EA9EBF-7DBF-44FC-8CE7-E3E9DB36BD69}"
EndProject
Global
	GlobalSection(SolutionConfigurationPlatforms) = preSolution
		Debug|Any CPU = Debug|Any CPU
		Release|Any CPU = Release|Any CPU
	EndGlobalSection
	GlobalSection(ProjectConfigurationPlatforms) = postSolution
		{F5EA9EBF-7DBF-44FC-8CE7-E3E9DB36BD69}.Debug|Any CPU.ActiveCfg = Debug|Any CPU
		{F5EA9EBF-7DBF-44FC-8CE7-E3E9DB36BD69}.Debug|Any CPU.Build.0 = Debug|Any CPU
		{F5EA9EBF-7DBF-44FC-8CE7-E3E9DB36BD69}.Release|Any CPU.ActiveCfg = Release|Any CPU
		{F5EA9EBF-7DBF-44FC-8CE7-E3E9DB36BD69}.Release|Any CPU.Build.0 = Release|Any CPU
	EndGlobalSection
	GlobalSection(SolutionProperties) = preSolution
		HideSolutionNode = FALSE
	EndGlobalSection
	GlobalSection(ExtensibilityGlobals) = postSolution
		SolutionGuid = {A7F182C0-50F9-4547-8526-A09DDE04ECDF}
	EndGlobalSection
EndGlobal
